
Microsoft Visual Studio Solution File, Format Version 12.00
# Visual Studio Version 17
VisualStudioVersion = 17.10.35027.167
MinimumVisualStudioVersion = 10.0.40219.1
Project("{FAE04EC0-301F-11D3-BF4B-00C04F79EFBC}") = "WeatherForecast.Api", "WeatherForecast.Api\WeatherForecast.Api.csproj", "{D6988435-72D5-4613-9AF2-C1F8ABAFE6DC}"
EndProject
Global
	GlobalSection(SolutionConfigurationPlatforms) = preSolution
		Debug|Any CPU = Debug|Any CPU
		Release|Any CPU = Release|Any CPU
	EndGlobalSection
	GlobalSection(ProjectConfigurationPlatforms) = postSolution
		{D6988435-72D5-4613-9AF2-C1F8ABAFE6DC}.Debug|Any CPU.ActiveCfg = Debug|Any CPU
		{D6988435-72D5-4613-9AF2-C1F8ABAFE6DC}.Debug|Any CPU.Build.0 = Debug|Any CPU
		{D6988435-72D5-4613-9AF2-C1F8ABAFE6DC}.Release|Any CPU.ActiveCfg = Release|Any CPU
		{D6988435-72D5-4613-9AF2-C1F8ABAFE6DC}.Release|Any CPU.Build.0 = Release|Any CPU
	EndGlobalSection
	GlobalSection(SolutionProperties) = preSolution
		HideSolutionNode = FALSE
	EndGlobalSection
	GlobalSection(ExtensibilityGlobals) = postSolution
		SolutionGuid = {DC4959A3-E9F2-493F-9F6F-EC10CEE5CE9C}
	EndGlobalSection
EndGlobal
